
Microsoft Visual Studio Solution File, Format Version 12.00
# Visual Studio Version 17
VisualStudioVersion = 17.0.31912.275
MinimumVisualStudioVersion = 10.0.40219.1
Project("{9A19103F-16F7-4668-BE54-9A1E7A4F7556}") = "Logic", "Logic\Logic.csproj", "{079B55A1-17B0-4780-ACD9-BD7967949085}"
EndProject
Project("{9A19103F-16F7-4668-BE54-9A1E7A4F7556}") = "Contracts", "Contracts\Contracts.csproj", "{7BB40140-37A9-45F2-8B7A-3781B37457B6}"
EndProject
Project("{9A19103F-16F7-4668-BE54-9A1E7A4F7556}") = "Domain", "Domain\Domain.csproj", "{1631A9EE-DD16-4C7C-8F9A-4F48CE7ADD7A}"
EndProject
Project("{9A19103F-16F7-4668-BE54-9A1E7A4F7556}") = "DataAccess", "DataAccess\DataAccess.csproj", "{5CD2B46D-F092-45B1-AE46-BF16487FD7D8}"
EndProject
Project("{9A19103F-16F7-4668-BE54-9A1E7A4F7556}") = "Services", "Services\Services.csproj", "{F9D56E0D-133E-4CEE-857E-B46559EFF153}"
EndProject
Project("{9A19103F-16F7-4668-BE54-9A1E7A4F7556}") = "Logic.Tests", "Logic.Tests\Logic.Tests.csproj", "{180B55CD-4B14-4735-B417-00188ED8A849}"
EndProject
Project("{9A19103F-16F7-4668-BE54-9A1E7A4F7556}") = "ConsoleApp", "ConsoleApp\ConsoleApp.csproj", "{A83FDA2B-A6E6-492A-AA6A-CD82E6C5D01F}"
EndProject
Project("{9A19103F-16F7-4668-BE54-9A1E7A4F7556}") = "ConsoleApp.Tests", "ConsoleApp.Tests\ConsoleApp.Tests.csproj", "{1999BA12-6DD7-4726-8CED-189001851E56}"
EndProject
Global
	GlobalSection(SolutionConfigurationPlatforms) = preSolution
		Debug|Any CPU = Debug|Any CPU
		Release|Any CPU = Release|Any CPU
	EndGlobalSection
	GlobalSection(ProjectConfigurationPlatforms) = postSolution
		{079B55A1-17B0-4780-ACD9-BD7967949085}.Debug|Any CPU.ActiveCfg = Debug|Any CPU
		{079B55A1-17B0-4780-ACD9-BD7967949085}.Debug|Any CPU.Build.0 = Debug|Any CPU
		{079B55A1-17B0-4780-ACD9-BD7967949085}.Release|Any CPU.ActiveCfg = Release|Any CPU
		{079B55A1-17B0-4780-ACD9-BD7967949085}.Release|Any CPU.Build.0 = Release|Any CPU
		{7BB40140-37A9-45F2-8B7A-3781B37457B6}.Debug|Any CPU.ActiveCfg = Debug|Any CPU
		{7BB40140-37A9-45F2-8B7A-3781B37457B6}.Debug|Any CPU.Build.0 = Debug|Any CPU
		{7BB40140-37A9-45F2-8B7A-3781B37457B6}.Release|Any CPU.ActiveCfg = Release|Any CPU
		{7BB40140-37A9-45F2-8B7A-3781B37457B6}.Release|Any CPU.Build.0 = Release|Any CPU
		{1631A9EE-DD16-4C7C-8F9A-4F48CE7ADD7A}.Debug|Any CPU.ActiveCfg = Debug|Any CPU
		{1631A9EE-DD16-4C7C-8F9A-4F48CE7ADD7A}.Debug|Any CPU.Build.0 = Debug|Any CPU
		{1631A9EE-DD16-4C7C-8F9A-4F48CE7ADD7A}.Release|Any CPU.ActiveCfg = Release|Any CPU
		{1631A9EE-DD16-4C7C-8F9A-4F48CE7ADD7A}.Release|Any CPU.Build.0 = Release|Any CPU
		{5CD2B46D-F092-45B1-AE46-BF16487FD7D8}.Debug|Any CPU.ActiveCfg = Debug|Any CPU
		{5CD2B46D-F092-45B1-AE46-BF16487FD7D8}.Debug|Any CPU.Build.0 = Debug|Any CPU
		{5CD2B46D-F092-45B1-AE46-BF16487FD7D8}.Release|Any CPU.ActiveCfg = Release|Any CPU
		{5CD2B46D-F092-45B1-AE46-BF16487FD7D8}.Release|Any CPU.Build.0 = Release|Any CPU
		{F9D56E0D-133E-4CEE-857E-B46559EFF153}.Debug|Any CPU.ActiveCfg = Debug|Any CPU
		{F9D56E0D-133E-4CEE-857E-B46559EFF153}.Debug|Any CPU.Build.0 = Debug|Any CPU
		{F9D56E0D-133E-4CEE-857E-B46559EFF153}.Release|Any CPU.ActiveCfg = Release|Any CPU
		{F9D56E0D-133E-4CEE-857E-B46559EFF153}.Release|Any CPU.Build.0 = Release|Any CPU
		{180B55CD-4B14-4735-B417-00188ED8A849}.Debug|Any CPU.ActiveCfg = Debug|Any CPU
		{180B55CD-4B14-4735-B417-00188ED8A849}.Debug|Any CPU.Build.0 = Debug|Any CPU
		{180B55CD-4B14-4735-B417-00188ED8A849}.Release|Any CPU.ActiveCfg = Release|Any CPU
		{180B55CD-4B14-4735-B417-00188ED8A849}.Release|Any CPU.Build.0 = Release|Any CPU
		{A83FDA2B-A6E6-492A-AA6A-CD82E6C5D01F}.Debug|Any CPU.ActiveCfg = Debug|Any CPU
		{A83FDA2B-A6E6-492A-AA6A-CD82E6C5D01F}.Debug|Any CPU.Build.0 = Debug|Any CPU
		{A83FDA2B-A6E6-492A-AA6A-CD82E6C5D01F}.Release|Any CPU.ActiveCfg = Release|Any CPU
		{A83FDA2B-A6E6-492A-AA6A-CD82E6C5D01F}.Release|Any CPU.Build.0 = Release|Any CPU
		{1999BA12-6DD7-4726-8CED-189001851E56}.Debug|Any CPU.ActiveCfg = Debug|Any CPU
		{1999BA12-6DD7-4726-8CED-189001851E56}.Debug|Any CPU.Build.0 = Debug|Any CPU
		{1999BA12-6DD7-4726-8CED-189001851E56}.Release|Any CPU.ActiveCfg = Release|Any CPU
		{1999BA12-6DD7-4726-8CED-189001851E56}.Release|Any CPU.Build.0 = Release|Any CPU
	EndGlobalSection
	GlobalSection(SolutionProperties) = preSolution
		HideSolutionNode = FALSE
	EndGlobalSection
	GlobalSection(ExtensibilityGlobals) = postSolution
		SolutionGuid = {D270847E-D247-48BC-8A82-A3AAE96BF4D5}
	EndGlobalSection
EndGlobal
